{
  "name": "MyBlog",
  "lockfileVersion": 2,
  "requires": true,
  "packages": {
    "": {
      "dependencies": {
        "@reduxjs/toolkit": "^1.6.2"
      }
    },
    "node_modules/@babel/runtime": {
      "version": "7.16.3",
      "resolved": "http://registry.npm.baidu-int.com/@babel%2fruntime/-/runtime-7.16.3.tgz",
      "integrity": "sha1-uG8NsCoEGHo8F8qnfeaYQBZdQtU=",
      "license": "MIT",
      "dependencies": {
        "regenerator-runtime": "^0.13.4"
      },
      "engines": {
        "node": ">=6.9.0"
      }
    },
    "node_modules/@reduxjs/toolkit": {
      "version": "1.6.2",
      "resolved": "http://registry.npm.baidu-int.com/@reduxjs%2ftoolkit/-/toolkit-1.6.2.tgz",
      "integrity": "sha1-LytTZd933WaX2ij99E8zUB7Zujc=",
      "license": "MIT",
      "dependencies": {
        "immer": "^9.0.6",
        "redux": "^4.1.0",
        "redux-thunk": "^2.3.0",
        "reselect": "^4.0.0"
      },
      "peerDependencies": {
        "react": "^16.14.0 || ^17.0.0",
        "react-redux": "^7.2.1"
      },
      "peerDependenciesMeta": {
        "react": {
          "optional": true
        },
        "react-redux": {
          "optional": true
        }
      }
    },
    "node_modules/immer": {
      "version": "9.0.7",
      "resolved": "http://registry.npm.baidu-int.com/immer/-/immer-9.0.7.tgz",
      "integrity": "sha512-KGllzpbamZDvOIxnmJ0jI840g7Oikx58lBPWV0hUh7dtAyZpFqqrBZdKka5GlTwMTZ1Tjc/bKKW4VSFAt6BqMA==",
      "license": "MIT",
      "funding": {
        "type": "opencollective",
        "url": "https://opencollective.com/immer"
      }
    },
    "node_modules/redux": {
      "version": "4.1.2",
      "resolved": "http://registry.npm.baidu-int.com/redux/-/redux-4.1.2.tgz",
      "integrity": "sha1-FA81Qm2Zu0cpr3YK/PeeqqxAcQQ=",
      "license": "MIT",
      "dependencies": {
        "@babel/runtime": "^7.9.2"
      }
    },
    "node_modules/redux-thunk": {
      "version": "2.4.1",
      "resolved": "http://registry.npm.baidu-int.com/redux-thunk/-/redux-thunk-2.4.1.tgz",
      "integrity": "sha512-OOYGNY5Jy2TWvTL1KgAlVy6dcx3siPJ1wTq741EPyUKfn6W6nChdICjZwCd0p8AZBs5kWpZlbkXW2nE/zjUa+Q==",
      "license": "MIT",
      "peerDependencies": {
        "redux": "^4"
      }
    },
    "node_modules/regenerator-runtime": {
      "version": "0.13.9",
      "resolved": "http://registry.npm.baidu-int.com/regenerator-runtime/-/regenerator-runtime-0.13.9.tgz",
      "integrity": "sha1-iSV0Kpj/2QgUmI11Zq0wyjsmO1I=",
      "license": "MIT"
    },
    "node_modules/reselect": {
      "version": "4.1.5",
      "resolved": "http://registry.npm.baidu-int.com/reselect/-/reselect-4.1.5.tgz",
      "integrity": "sha512-uVdlz8J7OO+ASpBYoz1Zypgx0KasCY20H+N8JD13oUMtPvSHQuscrHop4KbXrbsBcdB9Ds7lVK7eRkBIfO43vQ==",
      "license": "MIT"
    }
  },
  "dependencies": {
    "@babel/runtime": {
      "version": "7.16.3",
      "resolved": "http://registry.npm.baidu-int.com/@babel%2fruntime/-/runtime-7.16.3.tgz",
      "integrity": "sha1-uG8NsCoEGHo8F8qnfeaYQBZdQtU=",
      "requires": {
        "regenerator-runtime": "^0.13.4"
      }
    },
    "@reduxjs/toolkit": {
      "version": "1.6.2",
      "resolved": "http://registry.npm.baidu-int.com/@reduxjs%2ftoolkit/-/toolkit-1.6.2.tgz",
      "integrity": "sha1-LytTZd933WaX2ij99E8zUB7Zujc=",
      "requires": {
        "immer": "^9.0.6",
        "redux": "^4.1.0",
        "redux-thunk": "^2.3.0",
        "reselect": "^4.0.0"
      }
    },
    "immer": {
      "version": "9.0.7",
      "resolved": "http://registry.npm.baidu-int.com/immer/-/immer-9.0.7.tgz",
      "integrity": "sha512-KGllzpbamZDvOIxnmJ0jI840g7Oikx58lBPWV0hUh7dtAyZpFqqrBZdKka5GlTwMTZ1Tjc/bKKW4VSFAt6BqMA=="
    },
    "redux": {
      "version": "4.1.2",
      "resolved": "http://registry.npm.baidu-int.com/redux/-/redux-4.1.2.tgz",
      "integrity": "sha1-FA81Qm2Zu0cpr3YK/PeeqqxAcQQ=",
      "requires": {
        "@babel/runtime": "^7.9.2"
      }
    },
    "redux-thunk": {
      "version": "2.4.1",
      "resolved": "http://registry.npm.baidu-int.com/redux-thunk/-/redux-thunk-2.4.1.tgz",
      "integrity": "sha512-OOYGNY5Jy2TWvTL1KgAlVy6dcx3siPJ1wTq741EPyUKfn6W6nChdICjZwCd0p8AZBs5kWpZlbkXW2nE/zjUa+Q==",
      "requires": {}
    },
    "regenerator-runtime": {
      "version": "0.13.9",
      "resolved": "http://registry.npm.baidu-int.com/regenerator-runtime/-/regenerator-runtime-0.13.9.tgz",
      "integrity": "sha1-iSV0Kpj/2QgUmI11Zq0wyjsmO1I="
    },
    "reselect": {
      "version": "4.1.5",
      "resolved": "http://registry.npm.baidu-int.com/reselect/-/reselect-4.1.5.tgz",
      "integrity": "sha512-uVdlz8J7OO+ASpBYoz1Zypgx0KasCY20H+N8JD13oUMtPvSHQuscrHop4KbXrbsBcdB9Ds7lVK7eRkBIfO43vQ=="
    }
  }
}
